images_lock:
  version: 4.14.7
  registry: docker.io
  images:
  - image: wazuh/wazuh-indexer
    tag: 4.14.7
    digest: sha256:66b7640cce54f5f20a65e8320601b4570a1306d9f9b334d30bcaa324720a517c
    tar: wazuh-current-image-releases/wazuh-indexer-4.14.7.tar
    sha256: d73530e2de5b5a2114ef336546b8bfc60c227d62b851bb72b63ac6722ed2ac13
  - image: wazuh/wazuh-dashboard
    tag: 4.14.7
    digest: sha256:eeff857a664b3c09d3df4407b8749a351f321e4f366ca60ea1dffaa76f2146a7
    tar: wazuh-current-image-releases/wazuh-dashboard-4.14.7.tar
    sha256: 25b2b65ee0fadc4cf9c93180dc3c39bac08dc43ed9d5f0fd18d606f78f773f7c
  - image: wazuh/wazuh-manager
    tag: 4.14.7
    digest: sha256:8665c9807a5765253c79e4b072a1b7462c997bd69be949118a8d82ce44dd33e9
    tar: wazuh-current-image-releases/wazuh-manager-4.14.7.tar
    sha256: 17594193e62e8573591698730ff402eff982cc92ce0b1b86a97b731969f69ac6
  - image: wazuh/wazuh-agent
    tag: 4.14.7
    digest: sha256:150e7af098fbe34ec7d4825a0943ec2ab87525bff3d62488f104094c3354032e
    tar: wazuh-current-image-releases/wazuh-agent-4.14.7.tar
    sha256: 22289ab653f017b92ae88bf3c3767c1e5ac2a64552cf0baf5bf0b2f7dc5bd52f
